
Microsoft Visual Studio Solution File, Format Version 12.00
# Visual Studio 14
VisualStudioVersion = 14.0.25420.1
MinimumVisualStudioVersion = 10.0.40219.1
Project("{FAE04EC0-301F-11D3-BF4B-00C04F79EFBC}") = "Controller", "Controller\Controller.csproj", "{799129FB-EA25-4023-A3C0-E42074E0338D}"
EndProject
Project("{FAE04EC0-301F-11D3-BF4B-00C04F79EFBC}") = "Interfaces", "Interfaces\Interfaces.csproj", "{FCA80C06-F050-4E67-9135-6CEE1FB6E5B7}"
EndProject
Project("{FAE04EC0-301F-11D3-BF4B-00C04F79EFBC}") = "ApplicationResources", "ApplicationResources\ApplicationResources.csproj", "{2E70875D-A9FB-4C81-B950-DD5A021457A4}"
EndProject
Project("{FAE04EC0-301F-11D3-BF4B-00C04F79EFBC}") = "UI", "UI\UI.csproj", "{0FCCC8D9-B1A7-4B06-8235-C83294674CFE}"
EndProject
Project("{FAE04EC0-301F-11D3-BF4B-00C04F79EFBC}") = "CommonUI", "CommonUI\CommonUI.csproj", "{23491A1E-B1E9-47B8-BEC7-10BC203038D1}"
EndProject
Project("{FAE04EC0-301F-11D3-BF4B-00C04F79EFBC}") = "Startup", "Startup\Startup.csproj", "{C7EF2228-8ADC-41AF-99AC-BEA588247AA7}"
EndProject
Global
	GlobalSection(SolutionConfigurationPlatforms) = preSolution
		Debug|Any CPU = Debug|Any CPU
		Release|Any CPU = Release|Any CPU
	EndGlobalSection
	GlobalSection(ProjectConfigurationPlatforms) = postSolution
		{799129FB-EA25-4023-A3C0-E42074E0338D}.Debug|Any CPU.ActiveCfg = Debug|Any CPU
		{799129FB-EA25-4023-A3C0-E42074E0338D}.Debug|Any CPU.Build.0 = Debug|Any CPU
		{799129FB-EA25-4023-A3C0-E42074E0338D}.Release|Any CPU.ActiveCfg = Release|Any CPU
		{799129FB-EA25-4023-A3C0-E42074E0338D}.Release|Any CPU.Build.0 = Release|Any CPU
		{FCA80C06-F050-4E67-9135-6CEE1FB6E5B7}.Debug|Any CPU.ActiveCfg = Debug|Any CPU
		{FCA80C06-F050-4E67-9135-6CEE1FB6E5B7}.Debug|Any CPU.Build.0 = Debug|Any CPU
		{FCA80C06-F050-4E67-9135-6CEE1FB6E5B7}.Release|Any CPU.ActiveCfg = Release|Any CPU
		{FCA80C06-F050-4E67-9135-6CEE1FB6E5B7}.Release|Any CPU.Build.0 = Release|Any CPU
		{2E70875D-A9FB-4C81-B950-DD5A021457A4}.Debug|Any CPU.ActiveCfg = Debug|Any CPU
		{2E70875D-A9FB-4C81-B950-DD5A021457A4}.Debug|Any CPU.Build.0 = Debug|Any CPU
		{2E70875D-A9FB-4C81-B950-DD5A021457A4}.Release|Any CPU.ActiveCfg = Release|Any CPU
		{2E70875D-A9FB-4C81-B950-DD5A021457A4}.Release|Any CPU.Build.0 = Release|Any CPU
		{0FCCC8D9-B1A7-4B06-8235-C83294674CFE}.Debug|Any CPU.ActiveCfg = Debug|Any CPU
		{0FCCC8D9-B1A7-4B06-8235-C83294674CFE}.Debug|Any CPU.Build.0 = Debug|Any CPU
		{0FCCC8D9-B1A7-4B06-8235-C83294674CFE}.Release|Any CPU.ActiveCfg = Release|Any CPU
		{0FCCC8D9-B1A7-4B06-8235-C83294674CFE}.Release|Any CPU.Build.0 = Release|Any CPU
		{23491A1E-B1E9-47B8-BEC7-10BC203038D1}.Debug|Any CPU.ActiveCfg = Debug|Any CPU
		{23491A1E-B1E9-47B8-BEC7-10BC203038D1}.Debug|Any CPU.Build.0 = Debug|Any CPU
		{23491A1E-B1E9-47B8-BEC7-10BC203038D1}.Release|Any CPU.ActiveCfg = Release|Any CPU
		{23491A1E-B1E9-47B8-BEC7-10BC203038D1}.Release|Any CPU.Build.0 = Release|Any CPU
		{C7EF2228-8ADC-41AF-99AC-BEA588247AA7}.Debug|Any CPU.ActiveCfg = Debug|Any CPU
		{C7EF2228-8ADC-41AF-99AC-BEA588247AA7}.Debug|Any CPU.Build.0 = Debug|Any CPU
		{C7EF2228-8ADC-41AF-99AC-BEA588247AA7}.Release|Any CPU.ActiveCfg = Release|Any CPU
		{C7EF2228-8ADC-41AF-99AC-BEA588247AA7}.Release|Any CPU.Build.0 = Release|Any CPU
	EndGlobalSection
	GlobalSection(SolutionProperties) = preSolution
		HideSolutionNode = FALSE
	EndGlobalSection
EndGlobal
